
Microsoft Visual Studio Solution File, Format Version 12.00
# Visual Studio Version 16
VisualStudioVersion = 16.0.28803.156
MinimumVisualStudioVersion = 10.0.40219.1
Project("{9A19103F-16F7-4668-BE54-9A1E7A4F7556}") = "DotNetDockerTest", "src\DotNetDockerTest.csproj", "{B05710C7-44BB-41F9-A2EC-20BB41623632}"
EndProject
Project("{9A19103F-16F7-4668-BE54-9A1E7A4F7556}") = "DotNetDockerTest.Test", "test\DotNetDockerTest.Test\DotNetDockerTest.Test.csproj", "{3F910B75-0CCD-4BEE-A1C1-69DC5C73C5D2}"
EndProject
Project("{9A19103F-16F7-4668-BE54-9A1E7A4F7556}") = "DotNetDockerTest.MultiTargetTest", "test\DotNetDockerTest.MultiTargetTest\DotNetDockerTest.MultiTargetTest.csproj", "{888B9C82-D478-4596-9FC7-DCCCD1330228}"
EndProject
Project("{2150E333-8FDC-42A3-9474-1A3956D46DE8}") = "SolutionItems", "SolutionItems", "{E57052BA-6233-4FCB-A163-6BF79A56B8D6}"
	ProjectSection(SolutionItems) = preProject
		Directory.Build.props = Directory.Build.props
		Directory.Build.targets = Directory.Build.targets
	EndProjectSection
EndProject
Project("{2150E333-8FDC-42A3-9474-1A3956D46DE8}") = "Workflows", "Workflows", "{125183F8-3FE2-45E8-A45D-DCAC927973CF}"
	ProjectSection(SolutionItems) = preProject
		.github\workflows\dotnetcore.yml = .github\workflows\dotnetcore.yml
	EndProjectSection
EndProject
Global
	GlobalSection(SolutionConfigurationPlatforms) = preSolution
		Debug|Any CPU = Debug|Any CPU
		Release|Any CPU = Release|Any CPU
	EndGlobalSection
	GlobalSection(ProjectConfigurationPlatforms) = postSolution
		{B05710C7-44BB-41F9-A2EC-20BB41623632}.Debug|Any CPU.ActiveCfg = Debug|Any CPU
		{B05710C7-44BB-41F9-A2EC-20BB41623632}.Debug|Any CPU.Build.0 = Debug|Any CPU
		{B05710C7-44BB-41F9-A2EC-20BB41623632}.Release|Any CPU.ActiveCfg = Release|Any CPU
		{B05710C7-44BB-41F9-A2EC-20BB41623632}.Release|Any CPU.Build.0 = Release|Any CPU
		{3F910B75-0CCD-4BEE-A1C1-69DC5C73C5D2}.Debug|Any CPU.ActiveCfg = Debug|Any CPU
		{3F910B75-0CCD-4BEE-A1C1-69DC5C73C5D2}.Debug|Any CPU.Build.0 = Debug|Any CPU
		{3F910B75-0CCD-4BEE-A1C1-69DC5C73C5D2}.Release|Any CPU.ActiveCfg = Release|Any CPU
		{3F910B75-0CCD-4BEE-A1C1-69DC5C73C5D2}.Release|Any CPU.Build.0 = Release|Any CPU
		{888B9C82-D478-4596-9FC7-DCCCD1330228}.Debug|Any CPU.ActiveCfg = Debug|Any CPU
		{888B9C82-D478-4596-9FC7-DCCCD1330228}.Debug|Any CPU.Build.0 = Debug|Any CPU
		{888B9C82-D478-4596-9FC7-DCCCD1330228}.Release|Any CPU.ActiveCfg = Release|Any CPU
		{888B9C82-D478-4596-9FC7-DCCCD1330228}.Release|Any CPU.Build.0 = Release|Any CPU
	EndGlobalSection
	GlobalSection(SolutionProperties) = preSolution
		HideSolutionNode = FALSE
	EndGlobalSection
	GlobalSection(ExtensibilityGlobals) = postSolution
		SolutionGuid = {E43DAE55-3417-45CE-B8DB-C8E5D677AA30}
	EndGlobalSection
EndGlobal
